dependencies:
  espressif/libsodium:
    component_hash: f6e982479a2389cb6868e8fb761cf23aba6c355a8090b3e906299807775f58a3
    source:
      service_url: https://api.components.espressif.com/
      type: service
    version: 1.0.20~1
  idf:
    component_hash: null
    source:
      type: idf
    version: 5.1.2
  mittelab/mittelib:
    component_hash: fbfee184f6bd7ebb4514f457b0b6762d5782da3bb059e32f61d3f4297895d99d
    source:
      service_url: https://api.components.espressif.com/
      type: service
    version: 1.0.5
manifest_hash: a4fd7e0a04309530cf59a98f8312abce62d35eccac0889259a5c0e24964ec89e
target: esp32
version: 1.0.0
