dependencies:
  espressif/libsodium:
    component_hash: f6e982479a2389cb6868e8fb761cf23aba6c355a8090b3e906299807775f58a3
    source:
      service_url: https://api.components.espressif.com/
      type: service
    version: 1.0.20~1
  idf:
    component_hash: null
    source:
      type: idf
    version: 5.1.2
  libspookyaction:
    component_hash: 5e1344f2ba07e1a79ff361239e080edeb283ec8fe389b69cc22686d1de2dd780
    source:
      git: https://git.mittelab.org/proj/libspookyaction.git
      path: libspookyaction
      type: git
    version: 267dfe91c0a5071e48a7b9ef2f51aaffb87718e5
  mittelab/mittelib:
    component_hash: fbfee184f6bd7ebb4514f457b0b6762d5782da3bb059e32f61d3f4297895d99d
    source:
      service_url: https://api.components.espressif.com/
      type: service
    version: 1.0.5
manifest_hash: f130b4a91b51e34a0a5e80cfd2fd7b0a250cebf03b2f167af4bfa966bd196436
target: esp32
version: 1.0.0
