dependencies:
  espressif/libsodium:
    component_hash: f6e982479a2389cb6868e8fb761cf23aba6c355a8090b3e906299807775f58a3
    source:
      service_url: https://api.components.espressif.com/
      type: service
    version: 1.0.20~1
  idf:
    component_hash: null
    source:
      type: idf
    version: 5.1.2
  libspookyaction:
    component_hash: bb7e4c0b942f1aaef4955840fe9274c7b35b241a91f76a41b7e380d4c9b0ece8
    source:
      git: https://git.mittelab.org/proj/libspookyaction.git
      path: libspookyaction
      type: git
    version: 9b1f76daa4a0aebf6e058318fe7699463c434c55
  mittelab/mittelib:
    component_hash: fbfee184f6bd7ebb4514f457b0b6762d5782da3bb059e32f61d3f4297895d99d
    source:
      service_url: https://api.components.espressif.com/
      type: service
    version: 1.0.5
manifest_hash: 171bb93806a4098f6d7ddd1cc1afacf6011ce0b88472aba2fdcd8369ae399546
target: esp32s3
version: 1.0.0
